
Microsoft Visual Studio Solution File, Format Version 12.00
# Visual Studio 15
VisualStudioVersion = 15.0.28010.2016
MinimumVisualStudioVersion = 10.0.40219.1
Project("{FAE04EC0-301F-11D3-BF4B-00C04F79EFBC}") = "Bookish", "Bookish\Bookish.csproj", "{3D3DD5C8-81BB-4837-AFC8-E060A3F9AAB9}"
EndProject
Global
	GlobalSection(SolutionConfigurationPlatforms) = preSolution
		Debug|Any CPU = Debug|Any CPU
		Release|Any CPU = Release|Any CPU
	EndGlobalSection
	GlobalSection(ProjectConfigurationPlatforms) = postSolution
		{3D3DD5C8-81BB-4837-AFC8-E060A3F9AAB9}.Debug|Any CPU.ActiveCfg = Debug|Any CPU
		{3D3DD5C8-81BB-4837-AFC8-E060A3F9AAB9}.Debug|Any CPU.Build.0 = Debug|Any CPU
		{3D3DD5C8-81BB-4837-AFC8-E060A3F9AAB9}.Release|Any CPU.ActiveCfg = Release|Any CPU
		{3D3DD5C8-81BB-4837-AFC8-E060A3F9AAB9}.Release|Any CPU.Build.0 = Release|Any CPU
	EndGlobalSection
	GlobalSection(SolutionProperties) = preSolution
		HideSolutionNode = FALSE
	EndGlobalSection
	GlobalSection(ExtensibilityGlobals) = postSolution
		SolutionGuid = {532213D2-F544-4811-8E33-FE72F09C5F4F}
	EndGlobalSection
EndGlobal
